Microsoft Visual Studio Solution File, Format Version 12.00
# Visual Studio 16
Project("{8BC9CEB8-8B4A-11D0-8D11-00A0C91BC942}") = "ALL_BUILD", "ALL_BUILD.vcxproj", "{EFF73070-9335-3D89-AF7F-A046DEA92C34}"
	ProjectSection(ProjectDependencies) = postProject
		{3A17F288-08BC-35D4-8DB1-B7A0DC933C42} = {3A17F288-08BC-35D4-8DB1-B7A0DC933C42}
	EndProjectSection
EndProject
Project("{8BC9CEB8-8B4A-11D0-8D11-00A0C91BC942}") = "MathModule", "MathModule.vcxproj", "{3A17F288-08BC-35D4-8DB1-B7A0DC933C42}"
	ProjectSection(ProjectDependencies) = postProject
	EndProjectSection
EndProject
Global
	GlobalSection(SolutionConfigurationPlatforms) = preSolution
		Debug|x64 = Debug|x64
		Release|x64 = Release|x64
		MinSizeRel|x64 = MinSizeRel|x64
		RelWithDebInfo|x64 = RelWithDebInfo|x64
	EndGlobalSection
	GlobalSection(ProjectConfigurationPlatforms) = postSolution
		{EFF73070-9335-3D89-AF7F-A046DEA92C34}.Debug|x64.ActiveCfg = Debug|x64
		{EFF73070-9335-3D89-AF7F-A046DEA92C34}.Release|x64.ActiveCfg = Release|x64
		{EFF73070-9335-3D89-AF7F-A046DEA92C34}.MinSizeRel|x64.ActiveCfg = MinSizeRel|x64
		{EFF73070-9335-3D89-AF7F-A046DEA92C34}.RelWithDebInfo|x64.ActiveCfg = RelWithDebInfo|x64
		{3A17F288-08BC-35D4-8DB1-B7A0DC933C42}.Debug|x64.ActiveCfg = Debug|x64
		{3A17F288-08BC-35D4-8DB1-B7A0DC933C42}.Debug|x64.Build.0 = Debug|x64
		{3A17F288-08BC-35D4-8DB1-B7A0DC933C42}.Release|x64.ActiveCfg = Release|x64
		{3A17F288-08BC-35D4-8DB1-B7A0DC933C42}.Release|x64.Build.0 = Release|x64
		{3A17F288-08BC-35D4-8DB1-B7A0DC933C42}.MinSizeRel|x64.ActiveCfg = MinSizeRel|x64
		{3A17F288-08BC-35D4-8DB1-B7A0DC933C42}.MinSizeRel|x64.Build.0 = MinSizeRel|x64
		{3A17F288-08BC-35D4-8DB1-B7A0DC933C42}.RelWithDebInfo|x64.ActiveCfg = RelWithDebInfo|x64
		{3A17F288-08BC-35D4-8DB1-B7A0DC933C42}.RelWithDebInfo|x64.Build.0 = RelWithDebInfo|x64
	EndGlobalSection
	GlobalSection(ExtensibilityGlobals) = postSolution
		SolutionGuid = {AE031E59-5CC8-3C43-BFB2-B5344532E0E9}
	EndGlobalSection
	GlobalSection(ExtensibilityAddIns) = postSolution
	EndGlobalSection
EndGlobal
